
Microsoft Visual Studio Solution File, Format Version 12.00
# Visual Studio Version 17
VisualStudioVersion = 17.11.35222.181
MinimumVisualStudioVersion = 10.0.40219.1
Project("{9A19103F-16F7-4668-BE54-9A1E7A4F7556}") = "BookshopManagement.PL", "..\BookshopManagement\BookshopManagement\BookshopManagement.PL.csproj", "{B5DA19CF-3513-44E9-9FE6-CF50880BDB45}"
	ProjectSection(ProjectDependencies) = postProject
		{34129903-2489-400B-83B6-2BE2447B9A34} = {34129903-2489-400B-83B6-2BE2447B9A34}
	EndProjectSection
EndProject
Project("{9A19103F-16F7-4668-BE54-9A1E7A4F7556}") = "BookshopManagement.DAL", "..\BookshopManagement\BookshopManagement.DAL\BookshopManagement.DAL.csproj", "{3075D2EC-C3F0-4372-8C12-F5BB7E189623}"
EndProject
Project("{9A19103F-16F7-4668-BE54-9A1E7A4F7556}") = "BookshopManagement.BL", "..\BookshopManagement\BookshopManagement.BL\BookshopManagement.BL.csproj", "{34129903-2489-400B-83B6-2BE2447B9A34}"
	ProjectSection(ProjectDependencies) = postProject
		{3075D2EC-C3F0-4372-8C12-F5BB7E189623} = {3075D2EC-C3F0-4372-8C12-F5BB7E189623}
		{B2054D5C-7663-4169-AD6D-658011285511} = {B2054D5C-7663-4169-AD6D-658011285511}
	EndProjectSection
EndProject
Project("{9A19103F-16F7-4668-BE54-9A1E7A4F7556}") = "BookshopManagement.Common", "..\BookshopManagement\BookshopManagement.Common\BookshopManagement.Common.csproj", "{B2054D5C-7663-4169-AD6D-658011285511}"
EndProject
Project("{9A19103F-16F7-4668-BE54-9A1E7A4F7556}") = "BookshopManagement.Tests", "..\BookshopManagement\BookshopManagement.Tests\BookshopManagement.Tests.csproj", "{ED81DF72-A374-4DAD-B053-36F3862CB83E}"
	ProjectSection(ProjectDependencies) = postProject
		{3075D2EC-C3F0-4372-8C12-F5BB7E189623} = {3075D2EC-C3F0-4372-8C12-F5BB7E189623}
		{34129903-2489-400B-83B6-2BE2447B9A34} = {34129903-2489-400B-83B6-2BE2447B9A34}
		{B2054D5C-7663-4169-AD6D-658011285511} = {B2054D5C-7663-4169-AD6D-658011285511}
		{B5DA19CF-3513-44E9-9FE6-CF50880BDB45} = {B5DA19CF-3513-44E9-9FE6-CF50880BDB45}
	EndProjectSection
EndProject
Global
	GlobalSection(SolutionConfigurationPlatforms) = preSolution
		Debug|Any CPU = Debug|Any CPU
		Release|Any CPU = Release|Any CPU
	EndGlobalSection
	GlobalSection(ProjectConfigurationPlatforms) = postSolution
		{B5DA19CF-3513-44E9-9FE6-CF50880BDB45}.Debug|Any CPU.ActiveCfg = Debug|Any CPU
		{B5DA19CF-3513-44E9-9FE6-CF50880BDB45}.Debug|Any CPU.Build.0 = Debug|Any CPU
		{B5DA19CF-3513-44E9-9FE6-CF50880BDB45}.Release|Any CPU.ActiveCfg = Release|Any CPU
		{B5DA19CF-3513-44E9-9FE6-CF50880BDB45}.Release|Any CPU.Build.0 = Release|Any CPU
		{3075D2EC-C3F0-4372-8C12-F5BB7E189623}.Debug|Any CPU.ActiveCfg = Debug|Any CPU
		{3075D2EC-C3F0-4372-8C12-F5BB7E189623}.Debug|Any CPU.Build.0 = Debug|Any CPU
		{3075D2EC-C3F0-4372-8C12-F5BB7E189623}.Release|Any CPU.ActiveCfg = Release|Any CPU
		{3075D2EC-C3F0-4372-8C12-F5BB7E189623}.Release|Any CPU.Build.0 = Release|Any CPU
		{34129903-2489-400B-83B6-2BE2447B9A34}.Debug|Any CPU.ActiveCfg = Debug|Any CPU
		{34129903-2489-400B-83B6-2BE2447B9A34}.Debug|Any CPU.Build.0 = Debug|Any CPU
		{34129903-2489-400B-83B6-2BE2447B9A34}.Release|Any CPU.ActiveCfg = Release|Any CPU
		{34129903-2489-400B-83B6-2BE2447B9A34}.Release|Any CPU.Build.0 = Release|Any CPU
		{B2054D5C-7663-4169-AD6D-658011285511}.Debug|Any CPU.ActiveCfg = Debug|Any CPU
		{B2054D5C-7663-4169-AD6D-658011285511}.Debug|Any CPU.Build.0 = Debug|Any CPU
		{B2054D5C-7663-4169-AD6D-658011285511}.Release|Any CPU.ActiveCfg = Release|Any CPU
		{B2054D5C-7663-4169-AD6D-658011285511}.Release|Any CPU.Build.0 = Release|Any CPU
		{ED81DF72-A374-4DAD-B053-36F3862CB83E}.Debug|Any CPU.ActiveCfg = Debug|Any CPU
		{ED81DF72-A374-4DAD-B053-36F3862CB83E}.Debug|Any CPU.Build.0 = Debug|Any CPU
		{ED81DF72-A374-4DAD-B053-36F3862CB83E}.Release|Any CPU.ActiveCfg = Release|Any CPU
		{ED81DF72-A374-4DAD-B053-36F3862CB83E}.Release|Any CPU.Build.0 = Release|Any CPU
	EndGlobalSection
	GlobalSection(SolutionProperties) = preSolution
		HideSolutionNode = FALSE
	EndGlobalSection
	GlobalSection(ExtensibilityGlobals) = postSolution
		SolutionGuid = {DBA47ECC-3DED-436B-833B-EA844781AD37}
	EndGlobalSection
EndGlobal
